// !$*UTF8*$!
{
	archiveVersion = 1;
	classes = {
	};
	objectVersion = 56;
	objects = {

/* Begin PBXBuildFile section */
		55F2D0BC2BA3691C00945DE9 /* AppDelegate.swift in Sources */ = {isa = PBXBuildFile; fileRef = 55F2D0BB2BA3691C00945DE9 /* AppDelegate.swift */; };
		55F2D0BE2BA3691C00945DE9 /* SceneDelegate.swift in Sources */ = {isa = PBXBuildFile; fileRef = 55F2D0BD2BA3691C00945DE9 /* SceneDelegate.swift */; };
		55F2D0C02BA3691C00945DE9 /* ViewController.swift in Sources */ = {isa = PBXBuildFile; fileRef = 55F2D0BF2BA3691C00945DE9 /* ViewController.swift */; };
		55F2D0C32BA3691C00945DE9 /* Base in Resources */ = {isa = PBXBuildFile; fileRef = 55F2D0C22BA3691C00945DE9 /* Base */; };
		55F2D0C52BA3691C00945DE9 /* Assets.xcassets in Resources */ = {isa = PBXBuildFile; fileRef = 55F2D0C42BA3691C00945DE9 /* Assets.xcassets */; };
		55F2D0C82BA3691C00945DE9 /* Base in Resources */ = {isa = PBXBuildFile; fileRef = 55F2D0C72BA3691C00945DE9 /* Base */; };
		55F2D0D32BA3691D00945DE9 /* Dmmo1Tests.swift in Sources */ = {isa = PBXBuildFile; fileRef = 55F2D0D22BA3691D00945DE9 /* Dmmo1Tests.swift */; };
		55F2D0DD2BA3691D00945DE9 /* Dmmo1UITests.swift in Sources */ = {isa = PBXBuildFile; fileRef = 55F2D0DC2BA3691D00945DE9 /* Dmmo1UITests.swift */; };
		55F2D0DF2BA3691D00945DE9 /* Dmmo1UITestsLaunchTests.swift in Sources */ = {isa = PBXBuildFile; fileRef = 55F2D0DE2BA3691D00945DE9 /* Dmmo1UITestsLaunchTests.swift */; };
/* End PBXBuildFile section */

/* Begin PBXContainerItemProxy section */
		55F2D0CF2BA3691D00945DE9 /* PBXContainerItemProxy */ = {
			isa = PBXContainerItemProxy;
			containerPortal = 55F2D0B02BA3691B00945DE9 /* Project object */;
			proxyType = 1;
			remoteGlobalIDString = 55F2D0B72BA3691B00945DE9;
			remoteInfo = Dmmo1;
		};
		55F2D0D92BA3691D00945DE9 /* PBXContainerItemProxy */ = {
			isa = PBXContainerItemProxy;
			containerPortal = 55F2D0B02BA3691B00945DE9 /* Project object */;
			proxyType = 1;
			remoteGlobalIDString = 55F2D0B72BA3691B00945DE9;
			remoteInfo = Dmmo1;
		};
/* End PBXContainerItemProxy section */

/* Begin PBXFileReference section */
		55F2D0B82BA3691C00945DE9 /* Dmmo1.app */ = {isa = PBXFileReference; explicitFileType = wrapper.application; includeInIndex = 0; path = Dmmo1.app; sourceTree = BUILT_PRODUCTS_DIR; };
		55F2D0BB2BA3691C00945DE9 /* AppDelegate.swift */ = {isa = PBXFileReference; lastKnownFileType = sourcecode.swift; path = AppDelegate.swift; sourceTree = "<group>"; };
		55F2D0BD2BA3691C00945DE9 /* SceneDelegate.swift */ = {isa = PBXFileReference; lastKnownFileType = sourcecode.swift; path = SceneDelegate.swift; sourceTree = "<group>"; };
		55F2D0BF2BA3691C00945DE9 /* ViewController.swift */ = {isa = PBXFileReference; lastKnownFileType = sourcecode.swift; path = ViewController.swift; sourceTree = "<group>"; };
		55F2D0C22BA3691C00945DE9 /* Base */ = {isa = PBXFileReference; lastKnownFileType = file.storyboard; name = Base; path = Base.lproj/Main.storyboard; sourceTree = "<group>"; };
		55F2D0C42BA3691C00945DE9 /* Assets.xcassets */ = {isa = PBXFileReference; lastKnownFileType = folder.assetcatalog; path = Assets.xcassets; sourceTree = "<group>"; };
		55F2D0C72BA3691C00945DE9 /* Base */ = {isa = PBXFileReference; lastKnownFileType = file.storyboard; name = Base; path = Base.lproj/LaunchScreen.storyboard; sourceTree = "<group>"; };
		55F2D0C92BA3691C00945DE9 /* Info.plist */ = {isa = PBXFileReference; lastKnownFileType = text.plist.xml; path = Info.plist; sourceTree = "<group>"; };
		55F2D0CE2BA3691D00945DE9 /* Dmmo1Tests.xctest */ = {isa = PBXFileReference; explicitFileType = wrapper.cfbundle; includeInIndex = 0; path = Dmmo1Tests.xctest; sourceTree = BUILT_PRODUCTS_DIR; };
		55F2D0D22BA3691D00945DE9 /* Dmmo1Tests.swift */ = {isa = PBXFileReference; lastKnownFileType = sourcecode.swift; path = Dmmo1Tests.swift; sourceTree = "<group>"; };
		55F2D0D82BA3691D00945DE9 /* Dmmo1UITests.xctest */ = {isa = PBXFileReference; explicitFileType = wrapper.cfbundle; includeInIndex = 0; path = Dmmo1UITests.xctest; sourceTree = BUILT_PRODUCTS_DIR; };
		55F2D0DC2BA3691D00945DE9 /* Dmmo1UITests.swift */ = {isa = PBXFileReference; lastKnownFileType = sourcecode.swift; path = Dmmo1UITests.swift; sourceTree = "<group>"; };
		55F2D0DE2BA3691D00945DE9 /* Dmmo1UITestsLaunchTests.swift */ = {isa = PBXFileReference; lastKnownFileType = sourcecode.swift; path = Dmmo1UITestsLaunchTests.swift; sourceTree = "<group>"; };
/* End PBXFileReference section */

/* Begin PBXFrameworksBuildPhase section */
		55F2D0B52BA3691B00945DE9 /* Frameworks */ = {
			isa = PBXFrameworksBuildPhase;
			buildActionMask = 2147483647;
			files = (
			);
			runOnlyForDeploymentPostprocessing = 0;
		};
		55F2D0CB2BA3691D00945DE9 /* Frameworks */ = {
			isa = PBXFrameworksBuildPhase;
			buildActionMask = 2147483647;
			files = (
			);
			runOnlyForDeploymentPostprocessing = 0;
		};
		55F2D0D52BA3691D00945DE9 /* Frameworks */ = {
			isa = PBXFrameworksBuildPhase;
			buildActionMask = 2147483647;
			files = (
			);
			runOnlyForDeploymentPostprocessing = 0;
		};
/* End PBXFrameworksBuildPhase section */

/* Begin PBXGroup section */
		55F2D0AF2BA3691B00945DE9 = {
			isa = PBXGroup;
			children = (
				55F2D0BA2BA3691C00945DE9 /* Dmmo1 */,
				55F2D0D12BA3691D00945DE9 /* Dmmo1Tests */,
				55F2D0DB2BA3691D00945DE9 /* Dmmo1UITests */,
				55F2D0B92BA3691C00945DE9 /* Products */,
			);
			sourceTree = "<group>";
		};
		55F2D0B92BA3691C00945DE9 /* Products */ = {
			isa = PBXGroup;
			children = (
				55F2D0B82BA3691C00945DE9 /* Dmmo1.app */,
				55F2D0CE2BA3691D00945DE9 /* Dmmo1Tests.xctest */,
				55F2D0D82BA3691D00945DE9 /* Dmmo1UITests.xctest */,
			);
			name = Products;
			sourceTree = "<group>";
		};
		55F2D0BA2BA3691C00945DE9 /* Dmmo1 */ = {
			isa = PBXGroup;
			children = (
				55F2D0BB2BA3691C00945DE9 /* AppDelegate.swift */,
				55F2D0BD2BA3691C00945DE9 /* SceneDelegate.swift */,
				55F2D0BF2BA3691C00945DE9 /* ViewController.swift */,
				55F2D0C12BA3691C00945DE9 /* Main.storyboard */,
				55F2D0C42BA3691C00945DE9 /* Assets.xcassets */,
				55F2D0C62BA3691C00945DE9 /* LaunchScreen.storyboard */,
				55F2D0C92BA3691C00945DE9 /* Info.plist */,
			);
			path = Dmmo1;
			sourceTree = "<group>";
		};
		55F2D0D12BA3691D00945DE9 /* Dmmo1Tests */ = {
			isa = PBXGroup;
			children = (
				55F2D0D22BA3691D00945DE9 /* Dmmo1Tests.swift */,
			);
			path = Dmmo1Tests;
			sourceTree = "<group>";
		};
		55F2D0DB2BA3691D00945DE9 /* Dmmo1UITests */ = {
			isa = PBXGroup;
			children = (
				55F2D0DC2BA3691D00945DE9 /* Dmmo1UITests.swift */,
				55F2D0DE2BA3691D00945DE9 /* Dmmo1UITestsLaunchTests.swift */,
			);
			path = Dmmo1UITests;
			sourceTree = "<group>";
		};
/* End PBXGroup section */

/* Begin PBXNativeTarget section */
		55F2D0B72BA3691B00945DE9 /* Dmmo1 */ = {
			isa = PBXNativeTarget;
			buildConfigurationList = 55F2D0E22BA3691D00945DE9 /* Build configuration list for PBXNativeTarget "Dmmo1" */;
			buildPhases = (
				55F2D0B42BA3691B00945DE9 /* Sources */,
				55F2D0B52BA3691B00945DE9 /* Frameworks */,
				55F2D0B62BA3691B00945DE9 /* Resources */,
			);
			buildRules = (
			);
			dependencies = (
			);
			name = Dmmo1;
			productName = Dmmo1;
			productReference = 55F2D0B82BA3691C00945DE9 /* Dmmo1.app */;
			productType = "com.apple.product-type.application";
		};
		55F2D0CD2BA3691D00945DE9 /* Dmmo1Tests */ = {
			isa = PBXNativeTarget;
			buildConfigurationList = 55F2D0E52BA3691D00945DE9 /* Build configuration list for PBXNativeTarget "Dmmo1Tests" */;
			buildPhases = (
				55F2D0CA2BA3691D00945DE9 /* Sources */,
				55F2D0CB2BA3691D00945DE9 /* Frameworks */,
				55F2D0CC2BA3691D00945DE9 /* Resources */,
			);
			buildRules = (
			);
			dependencies = (
				55F2D0D02BA3691D00945DE9 /* PBXTargetDependency */,
			);
			name = Dmmo1Tests;
			productName = Dmmo1Tests;
			productReference = 55F2D0CE2BA3691D00945DE9 /* Dmmo1Tests.xctest */;
			productType = "com.apple.product-type.bundle.unit-test";
		};
		55F2D0D72BA3691D00945DE9 /* Dmmo1UITests */ = {
			isa = PBXNativeTarget;
			buildConfigurationList = 55F2D0E82BA3691D00945DE9 /* Build configuration list for PBXNativeTarget "Dmmo1UITests" */;
			buildPhases = (
				55F2D0D42BA3691D00945DE9 /* Sources */,
				55F2D0D52BA3691D00945DE9 /* Frameworks */,
				55F2D0D62BA3691D00945DE9 /* Resources */,
			);
			buildRules = (
			);
			dependencies = (
				55F2D0DA2BA3691D00945DE9 /* PBXTargetDependency */,
			);
			name = Dmmo1UITests;
			productName = Dmmo1UITests;
			productReference = 55F2D0D82BA3691D00945DE9 /* Dmmo1UITests.xctest */;
			productType = "com.apple.product-type.bundle.ui-testing";
		};
/* End PBXNativeTarget section */

/* Begin PBXProject section */
		55F2D0B02BA3691B00945DE9 /* Project object */ = {
			isa = PBXProject;
			attributes = {
				BuildIndependentTargetsInParallel = 1;
				LastSwiftUpdateCheck = 1530;
				LastUpgradeCheck = 1530;
				TargetAttributes = {
					55F2D0B72BA3691B00945DE9 = {
						CreatedOnToolsVersion = 15.3;
					};
					55F2D0CD2BA3691D00945DE9 = {
						CreatedOnToolsVersion = 15.3;
						TestTargetID = 55F2D0B72BA3691B00945DE9;
					};
					55F2D0D72BA3691D00945DE9 = {
						CreatedOnToolsVersion = 15.3;
						TestTargetID = 55F2D0B72BA3691B00945DE9;
					};
				};
			};
			buildConfigurationList = 55F2D0B32BA3691B00945DE9 /* Build configuration list for PBXProject "Dmmo1" */;
			compatibilityVersion = "Xcode 14.0";
			developmentRegion = en;
			hasScannedForEncodings = 0;
			knownRegions = (
				en,
				Base,
			);
			mainGroup = 55F2D0AF2BA3691B00945DE9;
			productRefGroup = 55F2D0B92BA3691C00945DE9 /* Products */;
			projectDirPath = "";
			projectRoot = "";
			targets = (
				55F2D0B72BA3691B00945DE9 /* Dmmo1 */,
				55F2D0CD2BA3691D00945DE9 /* Dmmo1Tests */,
				55F2D0D72BA3691D00945DE9 /* Dmmo1UITests */,
			);
		};
/* End PBXProject section */

/* Begin PBXResourcesBuildPhase section */
		55F2D0B62BA3691B00945DE9 /* Resources */ = {
			isa = PBXResourcesBuildPhase;
			buildActionMask = 2147483647;
			files = (
				55F2D0C52BA3691C00945DE9 /* Assets.xcassets in Resources */,
				55F2D0C82BA3691C00945DE9 /* Base in Resources */,
				55F2D0C32BA3691C00945DE9 /* Base in Resources */,
			);
			runOnlyForDeploymentPostprocessing = 0;
		};
		55F2D0CC2BA3691D00945DE9 /* Resources */ = {
			isa = PBXResourcesBuildPhase;
			buildActionMask = 2147483647;
			files = (
			);
			runOnlyForDeploymentPostprocessing = 0;
		};
		55F2D0D62BA3691D00945DE9 /* Resources */ = {
			isa = PBXResourcesBuildPhase;
			buildActionMask = 2147483647;
			files = (
			);
			runOnlyForDeploymentPostprocessing = 0;
		};
/* End PBXResourcesBuildPhase section */

/* Begin PBXSourcesBuildPhase section */
		55F2D0B42BA3691B00945DE9 /* Sources */ = {
			isa = PBXSourcesBuildPhase;
			buildActionMask = 2147483647;
			files = (
				55F2D0C02BA3691C00945DE9 /* ViewController.swift in Sources */,
				55F2D0BC2BA3691C00945DE9 /* AppDelegate.swift in Sources */,
				55F2D0BE2BA3691C00945DE9 /* SceneDelegate.swift in Sources */,
			);
			runOnlyForDeploymentPostprocessing = 0;
		};
		55F2D0CA2BA3691D00945DE9 /* Sources */ = {
			isa = PBXSourcesBuildPhase;
			buildActionMask = 2147483647;
			files = (
				55F2D0D32BA3691D00945DE9 /* Dmmo1Tests.swift in Sources */,
			);
			runOnlyForDeploymentPostprocessing = 0;
		};
		55F2D0D42BA3691D00945DE9 /* Sources */ = {
			isa = PBXSourcesBuildPhase;
			buildActionMask = 2147483647;
			files = (
				55F2D0DD2BA3691D00945DE9 /* Dmmo1UITests.swift in Sources */,
				55F2D0DF2BA3691D00945DE9 /* Dmmo1UITestsLaunchTests.swift in Sources */,
			);
			runOnlyForDeploymentPostprocessing = 0;
		};
/* End PBXSourcesBuildPhase section */

/* Begin PBXTargetDependency section */
		55F2D0D02BA3691D00945DE9 /* PBXTargetDependency */ = {
			isa = PBXTargetDependency;
			target = 55F2D0B72BA3691B00945DE9 /* Dmmo1 */;
			targetProxy = 55F2D0CF2BA3691D00945DE9 /* PBXContainerItemProxy */;
		};
		55F2D0DA2BA3691D00945DE9 /* PBXTargetDependency */ = {
			isa = PBXTargetDependency;
			target = 55F2D0B72BA3691B00945DE9 /* Dmmo1 */;
			targetProxy = 55F2D0D92BA3691D00945DE9 /* PBXContainerItemProxy */;
		};
/* End PBXTargetDependency section */

/* Begin PBXVariantGroup section */
		55F2D0C12BA3691C00945DE9 /* Main.storyboard */ = {
			isa = PBXVariantGroup;
			children = (
				55F2D0C22BA3691C00945DE9 /* Base */,
			);
			name = Main.storyboard;
			sourceTree = "<group>";
		};
		55F2D0C62BA3691C00945DE9 /* LaunchScreen.storyboard */ = {
			isa = PBXVariantGroup;
			children = (
				55F2D0C72BA3691C00945DE9 /* Base */,
			);
			name = LaunchScreen.storyboard;
			sourceTree = "<group>";
		};
/* End PBXVariantGroup section */

/* Begin XCBuildConfiguration section */
		55F2D0E02BA3691D00945DE9 /* Debug */ = {
			isa = XCBuildConfiguration;
			buildSettings = {
				ALWAYS_SEARCH_USER_PATHS = NO;
				ASSETCATALOG_COMPILER_GENERATE_SWIFT_ASSET_SYMBOL_EXTENSIONS = YES;
				CLANG_ANALYZER_NONNULL = YES;
				CLANG_ANALYZER_NUMBER_OBJECT_CONVERSION = YES_AGGRESSIVE;
				CLANG_CXX_LANGUAGE_STANDARD = "gnu++20";
				CLANG_ENABLE_MODULES = YES;
				CLANG_ENABLE_OBJC_ARC = YES;
				CLANG_ENABLE_OBJC_WEAK = YES;
				CLANG_WARN_BLOCK_CAPTURE_AUTORELEASING = YES;
				CLANG_WARN_BOOL_CONVERSION = YES;
				CLANG_WARN_COMMA = YES;
				CLANG_WARN_CONSTANT_CONVERSION = YES;
				CLANG_WARN_DEPRECATED_OBJC_IMPLEMENTATIONS = YES;
				CLANG_WARN_DIRECT_OBJC_ISA_USAGE = YES_ERROR;
				CLANG_WARN_DOCUMENTATION_COMMENTS = YES;
				CLANG_WARN_EMPTY_BODY = YES;
				CLANG_WARN_ENUM_CONVERSION = YES;
				CLANG_WARN_INFINITE_RECURSION = YES;
				CLANG_WARN_INT_CONVERSION = YES;
				CLANG_WARN_NON_LITERAL_NULL_CONVERSION = YES;
				CLANG_WARN_OBJC_IMPLICIT_RETAIN_SELF = YES;
				CLANG_WARN_OBJC_LITERAL_CONVERSION = YES;
				CLANG_WARN_OBJC_ROOT_CLASS = YES_ERROR;
				CLANG_WARN_QUOTED_INCLUDE_IN_FRAMEWORK_HEADER = YES;
				CLANG_WARN_RANGE_LOOP_ANALYSIS = YES;
				CLANG_WARN_STRICT_PROTOTYPES = YES;
				CLANG_WARN_SUSPICIOUS_MOVE = YES;
				CLANG_WARN_UNGUARDED_AVAILABILITY = YES_AGGRESSIVE;
				CLANG_WARN_UNREACHABLE_CODE = YES;
				CLANG_WARN__DUPLICATE_METHOD_MATCH = YES;
				COPY_PHASE_STRIP = NO;
				DEBUG_INFORMATION_FORMAT = dwarf;
				ENABLE_STRICT_OBJC_MSGSEND = YES;
				ENABLE_TESTABILITY = YES;
				ENABLE_USER_SCRIPT_SANDBOXING = YES;
				GCC_C_LANGUAGE_STANDARD = gnu17;
				GCC_DYNAMIC_NO_PIC = NO;
				GCC_NO_COMMON_BLOCKS = YES;
				GCC_OPTIMIZATION_LEVEL = 0;
				GCC_PREPROCESSOR_DEFINITIONS = (
					"DEBUG=1",
					"$(inherited)",
				);
				GCC_WARN_64_TO_32_BIT_CONVERSION = YES;
				GCC_WARN_ABOUT_RETURN_TYPE = YES_ERROR;
				GCC_WARN_UNDECLARED_SELECTOR = YES;
				GCC_WARN_UNINITIALIZED_AUTOS = YES_AGGRESSIVE;
				GCC_WARN_UNUSED_FUNCTION = YES;
				GCC_WARN_UNUSED_VARIABLE = YES;
				IPHONEOS_DEPLOYMENT_TARGET = 17.4;
				LOCALIZATION_PREFERS_STRING_CATALOGS = YES;
				MTL_ENABLE_DEBUG_INFO = INCLUDE_SOURCE;
				MTL_FAST_MATH = YES;
				ONLY_ACTIVE_ARCH = YES;
				SDKROOT = iphoneos;
				SWIFT_ACTIVE_COMPILATION_CONDITIONS = "DEBUG $(inherited)";
				SWIFT_OPTIMIZATION_LEVEL = "-Onone";
			};
			name = Debug;
		};
		55F2D0E12BA3691D00945DE9 /* Release */ = {
			isa = XCBuildConfiguration;
			buildSettings = {
				ALWAYS_SEARCH_USER_PATHS = NO;
				ASSETCATALOG_COMPILER_GENERATE_SWIFT_ASSET_SYMBOL_EXTENSIONS = YES;
				CLANG_ANALYZER_NONNULL = YES;
				CLANG_ANALYZER_NUMBER_OBJECT_CONVERSION = YES_AGGRESSIVE;
				CLANG_CXX_LANGUAGE_STANDARD = "gnu++20";
				CLANG_ENABLE_MODULES = YES;
				CLANG_ENABLE_OBJC_ARC = YES;
				CLANG_ENABLE_OBJC_WEAK = YES;
				CLANG_WARN_BLOCK_CAPTURE_AUTORELEASING = YES;
				CLANG_WARN_BOOL_CONVERSION = YES;
				CLANG_WARN_COMMA = YES;
				CLANG_WARN_CONSTANT_CONVERSION = YES;
				CLANG_WARN_DEPRECATED_OBJC_IMPLEMENTATIONS = YES;
				CLANG_WARN_DIRECT_OBJC_ISA_USAGE = YES_ERROR;
				CLANG_WARN_DOCUMENTATION_COMMENTS = YES;
				CLANG_WARN_EMPTY_BODY = YES;
				CLANG_WARN_ENUM_CONVERSION = YES;
				CLANG_WARN_INFINITE_RECURSION = YES;
				CLANG_WARN_INT_CONVERSION = YES;
				CLANG_WARN_NON_LITERAL_NULL_CONVERSION = YES;
				CLANG_WARN_OBJC_IMPLICIT_RETAIN_SELF = YES;
				CLANG_WARN_OBJC_LITERAL_CONVERSION = YES;
				CLANG_WARN_OBJC_ROOT_CLASS = YES_ERROR;
				CLANG_WARN_QUOTED_INCLUDE_IN_FRAMEWORK_HEADER = YES;
				CLANG_WARN_RANGE_LOOP_ANALYSIS = YES;
				CLANG_WARN_STRICT_PROTOTYPES = YES;
				CLANG_WARN_SUSPICIOUS_MOVE = YES;
				CLANG_WARN_UNGUARDED_AVAILABILITY = YES_AGGRESSIVE;
				CLANG_WARN_UNREACHABLE_CODE = YES;
				CLANG_WARN__DUPLICATE_METHOD_MATCH = YES;
				COPY_PHASE_STRIP = NO;
				DEBUG_INFORMATION_FORMAT = "dwarf-with-dsym";
				ENABLE_NS_ASSERTIONS = NO;
				ENABLE_STRICT_OBJC_MSGSEND = YES;
				ENABLE_USER_SCRIPT_SANDBOXING = YES;
				GCC_C_LANGUAGE_STANDARD = gnu17;
				GCC_NO_COMMON_BLOCKS = YES;
				GCC_WARN_64_TO_32_BIT_CONVERSION = YES;
				GCC_WARN_ABOUT_RETURN_TYPE = YES_ERROR;
				GCC_WARN_UNDECLARED_SELECTOR = YES;
				GCC_WARN_UNINITIALIZED_AUTOS = YES_AGGRESSIVE;
				GCC_WARN_UNUSED_FUNCTION = YES;
				GCC_WARN_UNUSED_VARIABLE = YES;
				IPHONEOS_DEPLOYMENT_TARGET = 17.4;
				LOCALIZATION_PREFERS_STRING_CATALOGS = YES;
				MTL_ENABLE_DEBUG_INFO = NO;
				MTL_FAST_MATH = YES;
				SDKROOT = iphoneos;
				SWIFT_COMPILATION_MODE = wholemodule;
				VALIDATE_PRODUCT = YES;
			};
			name = Release;
		};
		55F2D0E32BA3691D00945DE9 /* Debug */ = {
			isa = XCBuildConfiguration;
			buildSettings = {
				ASSETCATALOG_COMPILER_APPICON_NAME = AppIcon;
				ASSETCATALOG_COMPILER_GLOBAL_ACCENT_COLOR_NAME = AccentColor;
				CODE_SIGN_STYLE = Automatic;
				CURRENT_PROJECT_VERSION = 1;
				DEVELOPMENT_TEAM = USMVQZY5RC;
				GENERATE_INFOPLIST_FILE = YES;
				INFOPLIST_FILE = Dmmo1/Info.plist;
				INFOPLIST_KEY_UIApplicationSupportsIndirectInputEvents = YES;
				INFOPLIST_KEY_UILaunchStoryboardName = LaunchScreen;
				INFOPLIST_KEY_UIMainStoryboardFile = Main;
				INFOPLIST_KEY_UISupportedInterfaceOrientations_iPad = "UIInterfaceOrientationPortrait UIInterfaceOrientationPortraitUpsideDown UIInterfaceOrientationLandscapeLeft UIInterfaceOrientationLandscapeRight";
				INFOPLIST_KEY_UISupportedInterfaceOrientations_iPhone = "UIInterfaceOrientationPortrait UIInterfaceOrientationLandscapeLeft UIInterfaceOrientationLandscapeRight";
				LD_RUNPATH_SEARCH_PATHS = (
					"$(inherited)",
					"@executable_path/Frameworks",
				);
				MARKETING_VERSION = 1.0;
				PRODUCT_BUNDLE_IDENTIFIER = com.ashwin.Dmeo1.Dmmo1;
				PRODUCT_NAME = "$(TARGET_NAME)";
				SWIFT_EMIT_LOC_STRINGS = YES;
				SWIFT_VERSION = 5.0;
				TARGETED_DEVICE_FAMILY = "1,2";
			};
			name = Debug;
		};
		55F2D0E42BA3691D00945DE9 /* Release */ = {
			isa = XCBuildConfiguration;
			buildSettings = {
				ASSETCATALOG_COMPILER_APPICON_NAME = AppIcon;
				ASSETCATALOG_COMPILER_GLOBAL_ACCENT_COLOR_NAME = AccentColor;
				CODE_SIGN_STYLE = Automatic;
				CURRENT_PROJECT_VERSION = 1;
				DEVELOPMENT_TEAM = USMVQZY5RC;
				GENERATE_INFOPLIST_FILE = YES;
				INFOPLIST_FILE = Dmmo1/Info.plist;
				INFOPLIST_KEY_UIApplicationSupportsIndirectInputEvents = YES;
				INFOPLIST_KEY_UILaunchStoryboardName = LaunchScreen;
				INFOPLIST_KEY_UIMainStoryboardFile = Main;
				INFOPLIST_KEY_UISupportedInterfaceOrientations_iPad = "UIInterfaceOrientationPortrait UIInterfaceOrientationPortraitUpsideDown UIInterfaceOrientationLandscapeLeft UIInterfaceOrientationLandscapeRight";
				INFOPLIST_KEY_UISupportedInterfaceOrientations_iPhone = "UIInterfaceOrientationPortrait UIInterfaceOrientationLandscapeLeft UIInterfaceOrientationLandscapeRight";
				LD_RUNPATH_SEARCH_PATHS = (
					"$(inherited)",
					"@executable_path/Frameworks",
				);
				MARKETING_VERSION = 1.0;
				PRODUCT_BUNDLE_IDENTIFIER = com.ashwin.Dmeo1.Dmmo1;
				PRODUCT_NAME = "$(TARGET_NAME)";
				SWIFT_EMIT_LOC_STRINGS = YES;
				SWIFT_VERSION = 5.0;
				TARGETED_DEVICE_FAMILY = "1,2";
			};
			name = Release;
		};
		55F2D0E62BA3691D00945DE9 /* Debug */ = {
			isa = XCBuildConfiguration;
			buildSettings = {
				ALWAYS_EMBED_SWIFT_STANDARD_LIBRARIES = YES;
				BUNDLE_LOADER = "$(TEST_HOST)";
				CODE_SIGN_STYLE = Automatic;
				CURRENT_PROJECT_VERSION = 1;
				DEVELOPMENT_TEAM = USMVQZY5RC;
				GENERATE_INFOPLIST_FILE = YES;
				IPHONEOS_DEPLOYMENT_TARGET = 17.4;
				MARKETING_VERSION = 1.0;
				PRODUCT_BUNDLE_IDENTIFIER = com.ashwin.Dmeo1.Dmmo1Tests;
				PRODUCT_NAME = "$(TARGET_NAME)";
				SWIFT_EMIT_LOC_STRINGS = NO;
				SWIFT_VERSION = 5.0;
				TARGETED_DEVICE_FAMILY = "1,2";
				TEST_HOST = "$(BUILT_PRODUCTS_DIR)/Dmmo1.app/$(BUNDLE_EXECUTABLE_FOLDER_PATH)/Dmmo1";
			};
			name = Debug;
		};
		55F2D0E72BA3691D00945DE9 /* Release */ = {
			isa = XCBuildConfiguration;
			buildSettings = {
				ALWAYS_EMBED_SWIFT_STANDARD_LIBRARIES = YES;
				BUNDLE_LOADER = "$(TEST_HOST)";
				CODE_SIGN_STYLE = Automatic;
				CURRENT_PROJECT_VERSION = 1;
				DEVELOPMENT_TEAM = USMVQZY5RC;
				GENERATE_INFOPLIST_FILE = YES;
				IPHONEOS_DEPLOYMENT_TARGET = 17.4;
				MARKETING_VERSION = 1.0;
				PRODUCT_BUNDLE_IDENTIFIER = com.ashwin.Dmeo1.Dmmo1Tests;
				PRODUCT_NAME = "$(TARGET_NAME)";
				SWIFT_EMIT_LOC_STRINGS = NO;
				SWIFT_VERSION = 5.0;
				TARGETED_DEVICE_FAMILY = "1,2";
				TEST_HOST = "$(BUILT_PRODUCTS_DIR)/Dmmo1.app/$(BUNDLE_EXECUTABLE_FOLDER_PATH)/Dmmo1";
			};
			name = Release;
		};
		55F2D0E92BA3691D00945DE9 /* Debug */ = {
			isa = XCBuildConfiguration;
			buildSettings = {
				ALWAYS_EMBED_SWIFT_STANDARD_LIBRARIES = YES;
				CODE_SIGN_STYLE = Automatic;
				CURRENT_PROJECT_VERSION = 1;
				DEVELOPMENT_TEAM = USMVQZY5RC;
				GENERATE_INFOPLIST_FILE = YES;
				MARKETING_VERSION = 1.0;
				PRODUCT_BUNDLE_IDENTIFIER = com.ashwin.Dmeo1.Dmmo1UITests;
				PRODUCT_NAME = "$(TARGET_NAME)";
				SWIFT_EMIT_LOC_STRINGS = NO;
				SWIFT_VERSION = 5.0;
				TARGETED_DEVICE_FAMILY = "1,2";
				TEST_TARGET_NAME = Dmmo1;
			};
			name = Debug;
		};
		55F2D0EA2BA3691D00945DE9 /* Release */ = {
			isa = XCBuildConfiguration;
			buildSettings = {
				ALWAYS_EMBED_SWIFT_STANDARD_LIBRARIES = YES;
				CODE_SIGN_STYLE = Automatic;
				CURRENT_PROJECT_VERSION = 1;
				DEVELOPMENT_TEAM = USMVQZY5RC;
				GENERATE_INFOPLIST_FILE = YES;
				MARKETING_VERSION = 1.0;
				PRODUCT_BUNDLE_IDENTIFIER = com.ashwin.Dmeo1.Dmmo1UITests;
				PRODUCT_NAME = "$(TARGET_NAME)";
				SWIFT_EMIT_LOC_STRINGS = NO;
				SWIFT_VERSION = 5.0;
				TARGETED_DEVICE_FAMILY = "1,2";
				TEST_TARGET_NAME = Dmmo1;
			};
			name = Release;
		};
/* End XCBuildConfiguration section */

/* Begin XCConfigurationList section */
		55F2D0B32BA3691B00945DE9 /* Build configuration list for PBXProject "Dmmo1" */ = {
			isa = XCConfigurationList;
			buildConfigurations = (
				55F2D0E02BA3691D00945DE9 /* Debug */,
				55F2D0E12BA3691D00945DE9 /* Release */,
			);
			defaultConfigurationIsVisible = 0;
			defaultConfigurationName = Release;
		};
		55F2D0E22BA3691D00945DE9 /* Build configuration list for PBXNativeTarget "Dmmo1" */ = {
			isa = XCConfigurationList;
			buildConfigurations = (
				55F2D0E32BA3691D00945DE9 /* Debug */,
				55F2D0E42BA3691D00945DE9 /* Release */,
			);
			defaultConfigurationIsVisible = 0;
			defaultConfigurationName = Release;
		};
		55F2D0E52BA3691D00945DE9 /* Build configuration list for PBXNativeTarget "Dmmo1Tests" */ = {
			isa = XCConfigurationList;
			buildConfigurations = (
				55F2D0E62BA3691D00945DE9 /* Debug */,
				55F2D0E72BA3691D00945DE9 /* Release */,
			);
			defaultConfigurationIsVisible = 0;
			defaultConfigurationName = Release;
		};
		55F2D0E82BA3691D00945DE9 /* Build configuration list for PBXNativeTarget "Dmmo1UITests" */ = {
			isa = XCConfigurationList;
			buildConfigurations = (
				55F2D0E92BA3691D00945DE9 /* Debug */,
				55F2D0EA2BA3691D00945DE9 /* Release */,
			);
			defaultConfigurationIsVisible = 0;
			defaultConfigurationName = Release;
		};
/* End XCConfigurationList section */
	};
	rootObject = 55F2D0B02BA3691B00945DE9 /* Project object */;
}
